
Microsoft Visual Studio Solution File, Format Version 12.00
# Visual Studio Version 16
VisualStudioVersion = 16.0.30128.74
MinimumVisualStudioVersion = 10.0.40219.1
Project("{9A19103F-16F7-4668-BE54-9A1E7A4F7556}") = "CustomerAPi", "CustomerAPi\CustomerAPi.csproj", "{7D03E24C-F8D8-4C60-9B24-737BB0683793}"
EndProject
Project("{9A19103F-16F7-4668-BE54-9A1E7A4F7556}") = "Customer.DTO", "Customer.DTO\Customer.DTO.csproj", "{D2888B93-D467-4211-A5D3-254A2D713013}"
EndProject
Project("{9A19103F-16F7-4668-BE54-9A1E7A4F7556}") = "IdentityServer", "IdentityServer\IdentityServer.csproj", "{8B83A6FA-BBA6-448E-9F86-FD14D59B2B29}"
EndProject
Project("{FAE04EC0-301F-11D3-BF4B-00C04F79EFBC}") = "test.CustomerAPi", "test.CustomerAPi\test.CustomerAPi.csproj", "{244DD0BE-2F59-46D2-91EC-60D2D693FD5B}"
EndProject
Global
	GlobalSection(SolutionConfigurationPlatforms) = preSolution
		Debug|Any CPU = Debug|Any CPU
		Release|Any CPU = Release|Any CPU
	EndGlobalSection
	GlobalSection(ProjectConfigurationPlatforms) = postSolution
		{7D03E24C-F8D8-4C60-9B24-737BB0683793}.Debug|Any CPU.ActiveCfg = Debug|Any CPU
		{7D03E24C-F8D8-4C60-9B24-737BB0683793}.Debug|Any CPU.Build.0 = Debug|Any CPU
		{7D03E24C-F8D8-4C60-9B24-737BB0683793}.Release|Any CPU.ActiveCfg = Release|Any CPU
		{7D03E24C-F8D8-4C60-9B24-737BB0683793}.Release|Any CPU.Build.0 = Release|Any CPU
		{D2888B93-D467-4211-A5D3-254A2D713013}.Debug|Any CPU.ActiveCfg = Debug|Any CPU
		{D2888B93-D467-4211-A5D3-254A2D713013}.Debug|Any CPU.Build.0 = Debug|Any CPU
		{D2888B93-D467-4211-A5D3-254A2D713013}.Release|Any CPU.ActiveCfg = Release|Any CPU
		{D2888B93-D467-4211-A5D3-254A2D713013}.Release|Any CPU.Build.0 = Release|Any CPU
		{8B83A6FA-BBA6-448E-9F86-FD14D59B2B29}.Debug|Any CPU.ActiveCfg = Debug|Any CPU
		{8B83A6FA-BBA6-448E-9F86-FD14D59B2B29}.Debug|Any CPU.Build.0 = Debug|Any CPU
		{8B83A6FA-BBA6-448E-9F86-FD14D59B2B29}.Release|Any CPU.ActiveCfg = Release|Any CPU
		{8B83A6FA-BBA6-448E-9F86-FD14D59B2B29}.Release|Any CPU.Build.0 = Release|Any CPU
		{244DD0BE-2F59-46D2-91EC-60D2D693FD5B}.Debug|Any CPU.ActiveCfg = Debug|Any CPU
		{244DD0BE-2F59-46D2-91EC-60D2D693FD5B}.Debug|Any CPU.Build.0 = Debug|Any CPU
		{244DD0BE-2F59-46D2-91EC-60D2D693FD5B}.Release|Any CPU.ActiveCfg = Release|Any CPU
		{244DD0BE-2F59-46D2-91EC-60D2D693FD5B}.Release|Any CPU.Build.0 = Release|Any CPU
	EndGlobalSection
	GlobalSection(SolutionProperties) = preSolution
		HideSolutionNode = FALSE
	EndGlobalSection
	GlobalSection(ExtensibilityGlobals) = postSolution
		SolutionGuid = {B2FF2982-0DC6-4179-B123-FAF8C7811CE3}
	EndGlobalSection
EndGlobal
